
Microsoft Visual Studio Solution File, Format Version 12.00
# Visual Studio Version 16
VisualStudioVersion = 16.0.30309.148
MinimumVisualStudioVersion = 10.0.40219.1
Project("{FAE04EC0-301F-11D3-BF4B-00C04F79EFBC}") = "Geneva.ConsoleApplication", "Geneva.ConsoleApplication\Geneva.ConsoleApplication.csproj", "{290BBC80-CAAB-4524-9B6F-94D5FBB1415B}"
EndProject
Project("{FAE04EC0-301F-11D3-BF4B-00C04F79EFBC}") = "Geneva.Library", "Geneva.Library\Geneva.Library.csproj", "{DF2962EF-A712-4CD1-8973-0B6665CC107F}"
EndProject
Project("{FAE04EC0-301F-11D3-BF4B-00C04F79EFBC}") = "Geneva.UnitTests", "Geneva.UnitTests\Geneva.UnitTests.csproj", "{A5EC15C9-C2FC-4E7D-9538-746C1DC07F32}"
EndProject
Global
	GlobalSection(SolutionConfigurationPlatforms) = preSolution
		Debug|Any CPU = Debug|Any CPU
		Release|Any CPU = Release|Any CPU
	EndGlobalSection
	GlobalSection(ProjectConfigurationPlatforms) = postSolution
		{290BBC80-CAAB-4524-9B6F-94D5FBB1415B}.Debug|Any CPU.ActiveCfg = Debug|Any CPU
		{290BBC80-CAAB-4524-9B6F-94D5FBB1415B}.Debug|Any CPU.Build.0 = Debug|Any CPU
		{290BBC80-CAAB-4524-9B6F-94D5FBB1415B}.Release|Any CPU.ActiveCfg = Release|Any CPU
		{290BBC80-CAAB-4524-9B6F-94D5FBB1415B}.Release|Any CPU.Build.0 = Release|Any CPU
		{DF2962EF-A712-4CD1-8973-0B6665CC107F}.Debug|Any CPU.ActiveCfg = Debug|Any CPU
		{DF2962EF-A712-4CD1-8973-0B6665CC107F}.Debug|Any CPU.Build.0 = Debug|Any CPU
		{DF2962EF-A712-4CD1-8973-0B6665CC107F}.Release|Any CPU.ActiveCfg = Release|Any CPU
		{DF2962EF-A712-4CD1-8973-0B6665CC107F}.Release|Any CPU.Build.0 = Release|Any CPU
		{A5EC15C9-C2FC-4E7D-9538-746C1DC07F32}.Debug|Any CPU.ActiveCfg = Debug|Any CPU
		{A5EC15C9-C2FC-4E7D-9538-746C1DC07F32}.Debug|Any CPU.Build.0 = Debug|Any CPU
		{A5EC15C9-C2FC-4E7D-9538-746C1DC07F32}.Release|Any CPU.ActiveCfg = Release|Any CPU
		{A5EC15C9-C2FC-4E7D-9538-746C1DC07F32}.Release|Any CPU.Build.0 = Release|Any CPU
	EndGlobalSection
	GlobalSection(SolutionProperties) = preSolution
		HideSolutionNode = FALSE
	EndGlobalSection
	GlobalSection(ExtensibilityGlobals) = postSolution
		SolutionGuid = {276D4B91-A265-4DFB-BDC3-1D0907AA1890}
	EndGlobalSection
EndGlobal
